
Microsoft Visual Studio Solution File, Format Version 11.00
# Visual Studio 2010
Project("{FAE04EC0-301F-11D3-BF4B-00C04F79EFBC}") = "New Unity Project - 복사본", "Assembly-CSharp.csproj", "{2B69596B-0310-98DD-09F1-9DCC012C2AE6}"
EndProject
Global
	GlobalSection(SolutionConfigurationPlatforms) = preSolution
		Debug|Any CPU = Debug|Any CPU
		Release|Any CPU = Release|Any CPU
	EndGlobalSection
	GlobalSection(ProjectConfigurationPlatforms) = postSolution
		{2B69596B-0310-98DD-09F1-9DCC012C2AE6}.Debug|Any CPU.ActiveCfg = Debug|Any CPU
		{2B69596B-0310-98DD-09F1-9DCC012C2AE6}.Debug|Any CPU.Build.0 = Debug|Any CPU
		{2B69596B-0310-98DD-09F1-9DCC012C2AE6}.Release|Any CPU.ActiveCfg = Release|Any CPU
		{2B69596B-0310-98DD-09F1-9DCC012C2AE6}.Release|Any CPU.Build.0 = Release|Any CPU
	EndGlobalSection
	GlobalSection(SolutionProperties) = preSolution
		HideSolutionNode = FALSE
	EndGlobalSection
	GlobalSection(MonoDevelopProperties) = preSolution
		StartupItem = Assembly-CSharp.csproj
	EndGlobalSection
EndGlobal
