
Microsoft Visual Studio Solution File, Format Version 11.00
# Visual Studio 2010
Project("{FAE04EC0-301F-11D3-BF4B-00C04F79EFBC}") = "teamproject_deun", "Assembly-CSharp.csproj", "{59719445-94C3-676D-F2CC-2A4A264D53DB}"
EndProject
Global
	GlobalSection(SolutionConfigurationPlatforms) = preSolution
		Debug|Any CPU = Debug|Any CPU
		Release|Any CPU = Release|Any CPU
	EndGlobalSection
	GlobalSection(ProjectConfigurationPlatforms) = postSolution
		{59719445-94C3-676D-F2CC-2A4A264D53DB}.Debug|Any CPU.ActiveCfg = Debug|Any CPU
		{59719445-94C3-676D-F2CC-2A4A264D53DB}.Debug|Any CPU.Build.0 = Debug|Any CPU
		{59719445-94C3-676D-F2CC-2A4A264D53DB}.Release|Any CPU.ActiveCfg = Release|Any CPU
		{59719445-94C3-676D-F2CC-2A4A264D53DB}.Release|Any CPU.Build.0 = Release|Any CPU
	EndGlobalSection
	GlobalSection(SolutionProperties) = preSolution
		HideSolutionNode = FALSE
	EndGlobalSection
	GlobalSection(MonoDevelopProperties) = preSolution
		StartupItem = Assembly-CSharp.csproj
	EndGlobalSection
EndGlobal
